dependencies:
- name: opentelemetry-collector
  repository: https://open-telemetry.github.io/opentelemetry-helm-charts
  version: 0.108.0
- name: docker-registry
  repository: https://twuni.github.io/docker-registry.helm
  version: 3.0.0
- name: tempo
  repository: https://grafana.github.io/helm-charts
  version: 1.24.4
- name: loki
  repository: https://grafana.github.io/helm-charts
  version: 7.2.0
- name: victoria-metrics-single
  repository: https://victoriametrics.github.io/helm-charts/
  version: 0.44.0
- name: grafana
  repository: https://grafana.github.io/helm-charts
  version: 10.5.15
digest: sha256:2337626fe750c4296ac5765fea29a7b519472a38a2c2076ce9ebf4aa7f8ae288
generated: "2026-09-02T14:11:14.361540897Z"
